{
  "name": "@enkore/debug",
  "version": "0.0.3",
  "lockfileVersion": 3,
  "requires": true,
  "packages": {
    "": {
      "name": "@enkore/debug",
      "version": "0.0.3",
      "license": "MIT",
      "devDependencies": {
        "@enkore-target/js-none": "^0.0.39",
        "@enkore/core": "^0.6.7",
        "enkore": "^0.0.24"
      }
    },
    "node_modules/@enkore-target/js-none": {
      "version": "0.0.39",
      "resolved": "https://registry.npmjs.org/@enkore-target/js-none/-/js-none-0.0.39.tgz",
      "integrity": "sha512-whiFbZ9rlv92iI1630yT5oe7kO2ABb4DzlxZ57K/yZeos01CT25/N5m3nEKxVF31xFSqKMalUv211OlTDo3Vig==",
      "dev": true,
      "license": "MIT"
    },
    "node_modules/@enkore/core": {
      "version": "0.6.7",
      "resolved": "https://registry.npmjs.org/@enkore/core/-/core-0.6.7.tgz",
      "integrity": "sha512-XYURvIV4QCOFGMJeS81w87KASi6Ydr4XQVIP+r0MA8E1iIguYtEZx281ykl5yd/RUX+rcdyg8PUDsgEXNIuzjQ==",
      "dev": true,
      "license": "MIT"
    },
    "node_modules/enkore": {
      "version": "0.0.24",
      "resolved": "https://registry.npmjs.org/enkore/-/enkore-0.0.24.tgz",
      "integrity": "sha512-xryExoiJVHxt+IqxTJXh1Ijixswd3Aulma72FsZd90yiW/PWo1EftBVNeJtoaR1FaDCfeOVt6q1xhktGyw5ndA==",
      "dev": true,
      "license": "MIT",
      "bin": {
        "enkore": "cli.mjs"
      }
    }
  }
}
